
Microsoft Visual Studio Solution File, Format Version 12.00
# Visual Studio Version 17
VisualStudioVersion = 17.3.32901.215
MinimumVisualStudioVersion = 10.0.40219.1
Project("{FAE04EC0-301F-11D3-BF4B-00C04F79EFBC}") = "newprpgramm", "newprpgramm\newprpgramm.csproj", "{FC76380C-F838-49E9-AA9A-68BD6E1432FE}"
EndProject
Global
	GlobalSection(SolutionConfigurationPlatforms) = preSolution
		Debug|Any CPU = Debug|Any CPU
		Release|Any CPU = Release|Any CPU
	EndGlobalSection
	GlobalSection(ProjectConfigurationPlatforms) = postSolution
		{FC76380C-F838-49E9-AA9A-68BD6E1432FE}.Debug|Any CPU.ActiveCfg = Debug|Any CPU
		{FC76380C-F838-49E9-AA9A-68BD6E1432FE}.Debug|Any CPU.Build.0 = Debug|Any CPU
		{FC76380C-F838-49E9-AA9A-68BD6E1432FE}.Release|Any CPU.ActiveCfg = Release|Any CPU
		{FC76380C-F838-49E9-AA9A-68BD6E1432FE}.Release|Any CPU.Build.0 = Release|Any CPU
	EndGlobalSection
	GlobalSection(SolutionProperties) = preSolution
		HideSolutionNode = FALSE
	EndGlobalSection
	GlobalSection(ExtensibilityGlobals) = postSolution
		SolutionGuid = {8A8E56E2-B77D-46CD-9530-97ABEE44AE65}
	EndGlobalSection
EndGlobal
